Microsoft Visual Studio Solution File, Format Version 12.00
# Visual Studio Version 17
VisualStudioVersion = 17.0.31903.59
MinimumVisualStudioVersion = 10.0.40219.1
Project("{FAE04EC0-301F-11D3-BF4B-00C04F79EFBC}") = "CocosStudio.ExternalImport.Protocol", "Protocol\CocosStudio.ExternalImport.Protocol.csproj", "{B8F5B456-9756-4F9B-A9D8-421608E3F001}"
EndProject
Project("{FAE04EC0-301F-11D3-BF4B-00C04F79EFBC}") = "CocosStudio.ExternalImport", "Client\CocosStudio.ExternalImport.csproj", "{B8F5B456-9756-4F9B-A9D8-421608E3F002}"
EndProject
Project("{FAE04EC0-301F-11D3-BF4B-00C04F79EFBC}") = "CocosStudio.ExternalImport.StudioPlugin", "StudioPlugin\CocosStudio.ExternalImport.StudioPlugin.csproj", "{B8F5B456-9756-4F9B-A9D8-421608E3F003}"
EndProject
Global
	GlobalSection(SolutionConfigurationPlatforms) = preSolution
		Debug|Any CPU = Debug|Any CPU
		Release|Any CPU = Release|Any CPU
	EndGlobalSection
	GlobalSection(ProjectConfigurationPlatforms) = postSolution
		{B8F5B456-9756-4F9B-A9D8-421608E3F001}.Debug|Any CPU.ActiveCfg = Debug|Any CPU
		{B8F5B456-9756-4F9B-A9D8-421608E3F001}.Debug|Any CPU.Build.0 = Debug|Any CPU
		{B8F5B456-9756-4F9B-A9D8-421608E3F001}.Release|Any CPU.ActiveCfg = Release|Any CPU
		{B8F5B456-9756-4F9B-A9D8-421608E3F001}.Release|Any CPU.Build.0 = Release|Any CPU
		{B8F5B456-9756-4F9B-A9D8-421608E3F002}.Debug|Any CPU.ActiveCfg = Debug|Any CPU
		{B8F5B456-9756-4F9B-A9D8-421608E3F002}.Debug|Any CPU.Build.0 = Debug|Any CPU
		{B8F5B456-9756-4F9B-A9D8-421608E3F002}.Release|Any CPU.ActiveCfg = Release|Any CPU
		{B8F5B456-9756-4F9B-A9D8-421608E3F002}.Release|Any CPU.Build.0 = Release|Any CPU
		{B8F5B456-9756-4F9B-A9D8-421608E3F003}.Debug|Any CPU.ActiveCfg = Debug|Any CPU
		{B8F5B456-9756-4F9B-A9D8-421608E3F003}.Debug|Any CPU.Build.0 = Debug|Any CPU
		{B8F5B456-9756-4F9B-A9D8-421608E3F003}.Release|Any CPU.ActiveCfg = Release|Any CPU
		{B8F5B456-9756-4F9B-A9D8-421608E3F003}.Release|Any CPU.Build.0 = Release|Any CPU
	EndGlobalSection
	GlobalSection(SolutionProperties) = preSolution
		HideSolutionNode = FALSE
	EndGlobalSection
EndGlobal
