<Solution>
  <Configurations>
    <Platform Name="Any CPU" />
    <Platform Name="Mixed Platforms" />
    <Platform Name="x86" />
  </Configurations>
  <Folder Name="/01 Applications/">
    <Project Path="Cocos.Update/Cocos.Update.csproj" Id="586b49fe-0ab3-49b2-82d1-023b39c99a0e">
      <Platform Project="x86" />
    </Project>
    <Project Path="Cocos/Cocos.csproj" Id="43e58ea6-9cf8-47ec-94fd-dcb682ed5537" />
    <Project Path="CocosStudio/CocosStudio.csproj" Id="9751112a-bbbb-4a1c-b265-f23595b23723">
      <BuildDependency Project="Cocos.Launcher.Core/Cocos.Launcher.Core.csproj" />
      <BuildDependency Project="CocoStudio.Model.Lua/CocoStudio.Model.Lua.csproj" />
      <BuildDependency Project="CocoStudio.Model/CocoStudio.Model.csproj" />
      <BuildDependency Project="CocoStudio.Model3D.Lua/CocoStudio.Model3D.Lua.csproj" />
      <BuildDependency Project="CocoStudio.Model3D/CocoStudio.Model3D.csproj" />
      <BuildDependency Project="Modules.Communal.AutoUpdate/Modules.Communal.AutoUpdate.csproj" />
      <BuildDependency Project="Modules.Communal.CocosAdapter/Modules.Communal.CocosAdapter.csproj" />
      <BuildDependency Project="Modules.Communal.DragMenu/Modules.Communal.DragMenu.csproj" />
      <BuildDependency Project="Modules.Communal.NewSolution/Modules.Communal.NewSolution.csproj" />
      <BuildDependency Project="Modules.Communal.Output/Modules.Communal.Output.csproj" />
      <BuildDependency Project="Modules.Communal.Preference/Modules.Communal.Preference.csproj" />
      <BuildDependency Project="Modules.Communal.ProjectsConvertor/Modules.Communal.ProjectsConvertor.csproj" />
      <BuildDependency Project="Modules.Communal.ProjectSetting/Modules.Communal.ProjectSetting.csproj" />
      <BuildDependency Project="Modules.Communal.PropertyGrid/Modules.Communal.PropertyGrid.csproj" />
      <BuildDependency Project="Modules.Communal.Publish/Modules.Communal.Publish.csproj" />
      <BuildDependency Project="Modules.Communal.Render/Modules.Communal.Render.csproj" />
      <BuildDependency Project="Modules.Communal.Render3D/Modules.Communal.Render3D.csproj" />
      <BuildDependency Project="Modules.Communal.ResourcePanel/Modules.Communal.ResourcePanel.csproj" />
      <BuildDependency Project="Modules.Communal.Skeleton/Modules.Communal.Skeleton.csproj" />
      <BuildDependency Project="Modules.Communal.Status/Modules.Communal.Status.csproj" />
      <BuildDependency Project="Modules.Communal.TexturePacker/Modules.Communal.TexturePacker.csproj" />
      <BuildDependency Project="Modules.UI.ComTool/Modules.UI.ComTool.csproj" />
      <BuildDependency Project="Modules.UI.MainTool/Modules.UI.MainTool.csproj" />
      <BuildDependency Project="Modules.UI.Menu/Modules.UI.Menu.csproj" />
      <BuildDependency Project="Modules.UI.RenderContextMenu/Modules.UI.RenderContextMenu.csproj" />
      <BuildDependency Project="Modules.UI.RenderContextMenu3D/Modules.UI.RenderContextMenu3D.csproj" />
      <Platform Project="x86" />
    </Project>
  </Folder>
  <Folder Name="/02 Launcher/">
    <Project Path="Cocos.Launcher.Control/Cocos.Launcher.Control.csproj" Id="9751112a-bbbb-4a1c-b265-f23595b23721" />
    <Project Path="Cocos.Launcher.Core/Cocos.Launcher.Core.csproj" Id="307e660a-49e7-4ac8-beae-052da94ad1ff" />
    <Project Path="Cocos.Launcher.Library/Cocos.Launcher.Library.csproj" Id="9751112a-bbbb-4a1c-b265-f23595b23722" />
  </Folder>
  <Folder Name="/03 Framework/">
    <Project Path="CocoStudio.Basic/CocoStudio.Basic.csproj" Id="9751112a-bbbb-4a1c-b265-f23595b23724">
      <Platform Solution="Release|x86" Project="x86" />
    </Project>
    <Project Path="CocoStudio.ControlLib/CocoStudio.ControlLib.csproj" Id="9751112a-bbbb-4a1c-b265-f23595b23725" />
    <Project Path="CocoStudio.Core/CocoStudio.Core.csproj" Id="9751112a-bbbb-4a1c-b265-f23595b23726">
      <Platform Solution="Release|x86" Project="x86" />
    </Project>
    <Project Path="CocoStudio.EngineAdapterWrap/CocoStudio.EngineAdapterWrap.csproj" Id="c16a1c9e-99c2-4d23-9503-017e93cbd07f" />
    <Project Path="CocoStudio.Gtk.Extend/CocoStudio.Gtk.Extend.csproj" Id="9751112a-bbbb-4a1c-b265-f23595b23728">
      <Platform Solution="Release|x86" Project="x86" />
    </Project>
    <Project Path="CocoStudio.Lib.Prism/CocoStudio.Lib.Prism.csproj" Id="9751112a-bbbb-4a1c-b265-f23595b23729" />
    <Project Path="CocoStudio.Projects/CocoStudio.Projects.csproj" Id="9751112a-bbbb-4a1c-b265-f23595b2372b">
      <Platform Project="x86" />
    </Project>
    <Project Path="CocoStudio.UndoManager/CocoStudio.UndoManager.csproj" Id="9751112a-bbbb-4a1c-b265-f23595b2372c">
      <Platform Solution="Release|x86" Project="x86" />
    </Project>
    <Project Path="CocoStudio.UserStatistics/CocoStudio.UserStatistics.csproj" Id="9751112a-bbbb-4a1c-b265-f23595b2372d">
      <Platform Solution="Release|x86" Project="x86" />
    </Project>
    <Project Path="ICSharpCode.NRefactory/ICSharpCode.NRefactory.csproj" Id="9751112a-bbbb-4a1c-b265-f23595b2372e" />
  </Folder>
  <Folder Name="/04 Models/">
    <Project Path="CocoStudio.Model.Basic/CocoStudio.Model.Basic.csproj" Id="ae2e6dcf-b30d-4a03-bf56-67765709cf91" />
    <Project Path="CocoStudio.Model.Lua/CocoStudio.Model.Lua.csproj" Id="ae2e6dcf-b30d-4a03-bf56-67765709cf93" />
    <Project Path="CocoStudio.Model/CocoStudio.Model.csproj" Id="ae2e6dcf-b30d-4a03-bf56-67765709cf92" />
    <Project Path="CocoStudio.Model3D.Lua/CocoStudio.Model3D.Lua.csproj" Id="ae2e6dcf-b30d-4a03-bf56-67765709cf95" />
    <Project Path="CocoStudio.Model3D/CocoStudio.Model3D.csproj" Id="ae2e6dcf-b30d-4a03-bf56-67765709cf94" />
  </Folder>
  <Folder Name="/05 Addins/" />
  <Folder Name="/05 Addins/Communal/">
    <Project Path="Modules.Communal.AutoUpdate/Modules.Communal.AutoUpdate.csproj" Id="fbeeb9d6-c396-4bbb-89a3-edc5f19dd15f">
      <Platform Project="x86" />
    </Project>
    <Project Path="Modules.Communal.CocoaChina/Modules.Communal.CocoaChina.csproj" Id="41cb032b-ba5e-4e92-8586-e11fe72aaf67" />
    <Project Path="Modules.Communal.CocosAdapter/Modules.Communal.CocosAdapter.csproj" Id="63cb54f8-9358-4c89-923e-2ddc289510c0" />
    <Project Path="Modules.Communal.CocosCodeIDE/Modules.Communal.CocosCodeIDE.csproj" Id="41cb032b-ba5e-4e92-8586-e11fe72aaf68" />
    <Project Path="Modules.Communal.DragMenu/Modules.Communal.DragMenu.csproj" Id="63cb54f8-9358-4c89-923e-2ddc289510c1" />
    <Project Path="Modules.Communal.MultiLanguage/Modules.Communal.MultiLanguage.csproj" Id="80909f4b-fd59-4fad-99f3-1345795e6348">
      <Platform Solution="Release|x86" Project="x86" />
    </Project>
    <Project Path="Modules.Communal.MutualEditor/Modules.Communal.MutualEditor.csproj" Id="9751112a-bbbb-4a1c-b265-f23595b2372f">
      <Platform Solution="Release|x86" Project="x86" />
    </Project>
    <Project Path="Modules.Communal.NewSolution/Modules.Communal.NewSolution.csproj" Id="41cb032b-ba5e-4e92-8586-e11fe72aaf69" />
    <Project Path="Modules.Communal.Output/Modules.Communal.Output.csproj" Id="63cb54f8-9358-4c89-923e-2ddc289510c2" />
    <Project Path="Modules.Communal.Packer/Modules.Communal.Packer.csproj" Id="63cb54f8-9358-4c89-923e-2ddc289510c3" />
    <Project Path="Modules.Communal.PList/Modules.Communal.PList.csproj" Id="63cb54f8-9358-4c89-923e-2ddc289510c4" />
    <Project Path="Modules.Communal.Preference/Modules.Communal.Preference.csproj" Id="63cb54f8-9358-4c89-923e-2ddc289510c5" />
    <Project Path="Modules.Communal.ProjectsConvertor/Modules.Communal.ProjectsConvertor.csproj" Id="63cb54f8-9358-4c89-923e-2ddc289510c6" />
    <Project Path="Modules.Communal.ProjectSetting/Modules.Communal.ProjectSetting.csproj" Id="63cb54f8-9358-4c89-923e-2ddc289510c7" />
    <Project Path="Modules.Communal.PropertyGrid/Modules.Communal.PropertyGrid.csproj" Id="63cb54f8-9358-4c89-923e-2ddc289510c8" />
    <Project Path="Modules.Communal.Publish/Modules.Communal.Publish.csproj" Id="63cb54f8-9358-4c89-923e-2ddc289510c9" />
    <Project Path="Modules.Communal.Render/Modules.Communal.Render.csproj" Id="63cb54f8-9358-4c89-923e-2ddc289510ca" />
    <Project Path="Modules.Communal.Render3D/Modules.Communal.Render3D.csproj" Id="63cb54f8-9358-4c89-923e-2ddc289510cb" />
    <Project Path="Modules.Communal.ResourcePanel/Modules.Communal.ResourcePanel.csproj" Id="65e21e22-4793-47e4-ac65-fa6b8543e58d" />
    <Project Path="Modules.Communal.Skeleton/Modules.Communal.Skeleton.csproj" Id="63cb54f8-9358-4c89-923e-2ddc289510cc" />
    <Project Path="Modules.Communal.StartAutoRecover/Modules.Communal.StartAutoRecover.csproj" Id="9751112a-bbbb-4a1c-b265-f23595b23730">
      <Platform Solution="Release|x86" Project="x86" />
    </Project>
    <Project Path="Modules.Communal.Status/Modules.Communal.Status.csproj" Id="7abf72a6-f57e-4a50-a473-06e88f57b542" />
    <Project Path="Modules.Communal.TexturePacker/Modules.Communal.TexturePacker.csproj" Id="63cb54f8-9358-4c89-923e-2ddc289510cd" />
  </Folder>
  <Folder Name="/05 Addins/UI/">
    <Project Path="Modules.UI.ComTool/Modules.UI.ComTool.csproj" Id="485242ee-ff89-4da2-8d60-36c0ba5965cb" />
    <Project Path="Modules.UI.MainTool/Modules.UI.MainTool.csproj" Id="485242ee-ff89-4da2-8d60-36c0ba5965cc" />
    <Project Path="Modules.UI.Menu/Modules.UI.Menu.csproj" Id="485242ee-ff89-4da2-8d60-36c0ba5965cd" />
    <Project Path="Modules.UI.RenderContextMenu/Modules.UI.RenderContextMenu.csproj" Id="485242ee-ff89-4da2-8d60-36c0ba5965ce" />
    <Project Path="Modules.UI.RenderContextMenu3D/Modules.UI.RenderContextMenu3D.csproj" Id="485242ee-ff89-4da2-8d60-36c0ba5965cf" />
  </Folder>
</Solution>
