
Microsoft Visual Studio Solution File, Format Version 12.00
# Visual Studio Version 16
VisualStudioVersion = 16.0.28729.10
MinimumVisualStudioVersion = 10.0.40219.1
Project("{FAE04EC0-301F-11D3-BF4B-00C04F79EFBC}") = "CocoStudio.Model.Basic", "CocoStudio.Model.Basic\CocoStudio.Model.Basic.csproj", "{AE2E6DCF-B30D-4A03-BF56-67765709CF91}"
EndProject
Project("{FAE04EC0-301F-11D3-BF4B-00C04F79EFBC}") = "CocoStudio.Model.Lua", "CocoStudio.Model.Lua\CocoStudio.Model.Lua.csproj", "{AE2E6DCF-B30D-4A03-BF56-67765709CF93}"
EndProject
Project("{FAE04EC0-301F-11D3-BF4B-00C04F79EFBC}") = "CocoStudio.Model3D.Lua", "CocoStudio.Model3D.Lua\CocoStudio.Model3D.Lua.csproj", "{AE2E6DCF-B30D-4A03-BF56-67765709CF95}"
EndProject
Project("{FAE04EC0-301F-11D3-BF4B-00C04F79EFBC}") = "CocoStudio.Model3D", "CocoStudio.Model3D\CocoStudio.Model3D.csproj", "{AE2E6DCF-B30D-4A03-BF56-67765709CF94}"
EndProject
Project("{FAE04EC0-301F-11D3-BF4B-00C04F79EFBC}") = "CocoStudio.Model", "CocoStudio.Model\CocoStudio.Model.csproj", "{AE2E6DCF-B30D-4A03-BF56-67765709CF92}"
EndProject
Global
	GlobalSection(SolutionConfigurationPlatforms) = preSolution
		Debug|Any CPU = Debug|Any CPU
		Release|Any CPU = Release|Any CPU
	EndGlobalSection
	GlobalSection(ProjectConfigurationPlatforms) = postSolution
		{AE2E6DCF-B30D-4A03-BF56-67765709CF91}.Debug|Any CPU.ActiveCfg = Debug|Any CPU
		{AE2E6DCF-B30D-4A03-BF56-67765709CF91}.Debug|Any CPU.Build.0 = Debug|Any CPU
		{AE2E6DCF-B30D-4A03-BF56-67765709CF91}.Release|Any CPU.ActiveCfg = Release|Any CPU
		{AE2E6DCF-B30D-4A03-BF56-67765709CF91}.Release|Any CPU.Build.0 = Release|Any CPU
		{AE2E6DCF-B30D-4A03-BF56-67765709CF93}.Debug|Any CPU.ActiveCfg = Debug|Any CPU
		{AE2E6DCF-B30D-4A03-BF56-67765709CF93}.Debug|Any CPU.Build.0 = Debug|Any CPU
		{AE2E6DCF-B30D-4A03-BF56-67765709CF93}.Release|Any CPU.ActiveCfg = Release|Any CPU
		{AE2E6DCF-B30D-4A03-BF56-67765709CF93}.Release|Any CPU.Build.0 = Release|Any CPU
		{AE2E6DCF-B30D-4A03-BF56-67765709CF95}.Debug|Any CPU.ActiveCfg = Debug|Any CPU
		{AE2E6DCF-B30D-4A03-BF56-67765709CF95}.Debug|Any CPU.Build.0 = Debug|Any CPU
		{AE2E6DCF-B30D-4A03-BF56-67765709CF95}.Release|Any CPU.ActiveCfg = Release|Any CPU
		{AE2E6DCF-B30D-4A03-BF56-67765709CF95}.Release|Any CPU.Build.0 = Release|Any CPU
		{AE2E6DCF-B30D-4A03-BF56-67765709CF94}.Debug|Any CPU.ActiveCfg = Debug|Any CPU
		{AE2E6DCF-B30D-4A03-BF56-67765709CF94}.Debug|Any CPU.Build.0 = Debug|Any CPU
		{AE2E6DCF-B30D-4A03-BF56-67765709CF94}.Release|Any CPU.ActiveCfg = Release|Any CPU
		{AE2E6DCF-B30D-4A03-BF56-67765709CF94}.Release|Any CPU.Build.0 = Release|Any CPU
		{AE2E6DCF-B30D-4A03-BF56-67765709CF92}.Debug|Any CPU.ActiveCfg = Debug|Any CPU
		{AE2E6DCF-B30D-4A03-BF56-67765709CF92}.Debug|Any CPU.Build.0 = Debug|Any CPU
		{AE2E6DCF-B30D-4A03-BF56-67765709CF92}.Release|Any CPU.ActiveCfg = Release|Any CPU
		{AE2E6DCF-B30D-4A03-BF56-67765709CF92}.Release|Any CPU.Build.0 = Release|Any CPU
	EndGlobalSection
	GlobalSection(SolutionProperties) = preSolution
		HideSolutionNode = FALSE
	EndGlobalSection
EndGlobal
